
Microsoft Visual Studio Solution File, Format Version 12.00
# Visual Studio Version 17
VisualStudioVersion = 17.4.33122.133
MinimumVisualStudioVersion = 10.0.40219.1
Project("{FAE04EC0-301F-11D3-BF4B-00C04F79EFBC}") = "ExercicioMembroStaticExercicio1", "ExercicioMembroStaticExercicio1\ExercicioMembroStaticExercicio1.csproj", "{91F37C00-5C89-4E47-917B-B861D0D2BF59}"
EndProject
Global
	GlobalSection(SolutionConfigurationPlatforms) = preSolution
		Debug|Any CPU = Debug|Any CPU
		Release|Any CPU = Release|Any CPU
	EndGlobalSection
	GlobalSection(ProjectConfigurationPlatforms) = postSolution
		{91F37C00-5C89-4E47-917B-B861D0D2BF59}.Debug|Any CPU.ActiveCfg = Debug|Any CPU
		{91F37C00-5C89-4E47-917B-B861D0D2BF59}.Debug|Any CPU.Build.0 = Debug|Any CPU
		{91F37C00-5C89-4E47-917B-B861D0D2BF59}.Release|Any CPU.ActiveCfg = Release|Any CPU
		{91F37C00-5C89-4E47-917B-B861D0D2BF59}.Release|Any CPU.Build.0 = Release|Any CPU
	EndGlobalSection
	GlobalSection(SolutionProperties) = preSolution
		HideSolutionNode = FALSE
	EndGlobalSection
	GlobalSection(ExtensibilityGlobals) = postSolution
		SolutionGuid = {7E2C9334-FC91-44A1-9374-F8E8ED14C4F3}
	EndGlobalSection
EndGlobal
